
Microsoft Visual Studio Solution File, Format Version 12.00
# Visual Studio Version 16
VisualStudioVersion = 16.0.32228.343
MinimumVisualStudioVersion = 10.0.40219.1
Project("{FAE04EC0-301F-11D3-BF4B-00C04F79EFBC}") = "Empl0yeeManagementSystem", "Empl0yeeManagementSystem\Empl0yeeManagementSystem.csproj", "{8F9F62AE-5D97-4936-87E4-9F67191A7BD4}"
EndProject
Global
	GlobalSection(SolutionConfigurationPlatforms) = preSolution
		Debug|Any CPU = Debug|Any CPU
		Release|Any CPU = Release|Any CPU
	EndGlobalSection
	GlobalSection(ProjectConfigurationPlatforms) = postSolution
		{8F9F62AE-5D97-4936-87E4-9F67191A7BD4}.Debug|Any CPU.ActiveCfg = Debug|Any CPU
		{8F9F62AE-5D97-4936-87E4-9F67191A7BD4}.Debug|Any CPU.Build.0 = Debug|Any CPU
		{8F9F62AE-5D97-4936-87E4-9F67191A7BD4}.Release|Any CPU.ActiveCfg = Release|Any CPU
		{8F9F62AE-5D97-4936-87E4-9F67191A7BD4}.Release|Any CPU.Build.0 = Release|Any CPU
	EndGlobalSection
	GlobalSection(SolutionProperties) = preSolution
		HideSolutionNode = FALSE
	EndGlobalSection
	GlobalSection(ExtensibilityGlobals) = postSolution
		SolutionGuid = {464FF706-FAE7-4FAE-942F-908F5C2A384C}
	EndGlobalSection
EndGlobal
